// !$*UTF8*$!
{
	archiveVersion = 1;
	classes = {
	};
	objectVersion = 46;
	objects = {

/* Begin PBXBuildFile section */
		2443DC5618D662CA00C920C1 /* Foundation.framework in Frameworks */ = {isa = PBXBuildFile; fileRef = 2443DC5518D662CA00C920C1 /* Foundation.framework */; };
		2443DC5818D662CA00C920C1 /* CoreGraphics.framework in Frameworks */ = {isa = PBXBuildFile; fileRef = 2443DC5718D662CA00C920C1 /* CoreGraphics.framework */; };
		2443DC5A18D662CA00C920C1 /* UIKit.framework in Frameworks */ = {isa = PBXBuildFile; fileRef = 2443DC5918D662CA00C920C1 /* UIKit.framework */; };
		2443DC5C18D662CA00C920C1 /* SpriteKit.framework in Frameworks */ = {isa = PBXBuildFile; fileRef = 2443DC5B18D662CA00C920C1 /* SpriteKit.framework */; };
		2443DC6218D662CA00C920C1 /* InfoPlist.strings in Resources */ = {isa = PBXBuildFile; fileRef = 2443DC6018D662CA00C920C1 /* InfoPlist.strings */; };
		2443DC6418D662CA00C920C1 /* main.m in Sources */ = {isa = PBXBuildFile; fileRef = 2443DC6318D662CA00C920C1 /* main.m */; };
		2443DC6818D662CA00C920C1 /* M2AppDelegate.m in Sources */ = {isa = PBXBuildFile; fileRef = 2443DC6718D662CA00C920C1 /* M2AppDelegate.m */; };
		2443DC6B18D662CA00C920C1 /* Main.storyboard in Resources */ = {isa = PBXBuildFile; fileRef = 2443DC6918D662CA00C920C1 /* Main.storyboard */; };
		2443DC7518D662CA00C920C1 /* Images.xcassets in Resources */ = {isa = PBXBuildFile; fileRef = 2443DC7418D662CA00C920C1 /* Images.xcassets */; };
		2443DC7C18D662CA00C920C1 /* XCTest.framework in Frameworks */ = {isa = PBXBuildFile; fileRef = 2443DC7B18D662CA00C920C1 /* XCTest.framework */; };
		2443DC7D18D662CA00C920C1 /* Foundation.framework in Frameworks */ = {isa = PBXBuildFile; fileRef = 2443DC5518D662CA00C920C1 /* Foundation.framework */; };
		2443DC7E18D662CA00C920C1 /* UIKit.framework in Frameworks */ = {isa = PBXBuildFile; fileRef = 2443DC5918D662CA00C920C1 /* UIKit.framework */; };
		2443DC8618D662CA00C920C1 /* InfoPlist.strings in Resources */ = {isa = PBXBuildFile; fileRef = 2443DC8418D662CA00C920C1 /* InfoPlist.strings */; };
		2443DC8818D662CA00C920C1 /* m2048Tests.m in Sources */ = {isa = PBXBuildFile; fileRef = 2443DC8718D662CA00C920C1 /* m2048Tests.m */; };
		2443DC9A18D663FC00C920C1 /* M2Scene.m in Sources */ = {isa = PBXBuildFile; fileRef = 2443DC9618D663FC00C920C1 /* M2Scene.m */; };
		2443DC9B18D663FC00C920C1 /* M2GameManager.m in Sources */ = {isa = PBXBuildFile; fileRef = 2443DC9918D663FC00C920C1 /* M2GameManager.m */; };
		2443DCA018D6647000C920C1 /* M2SettingsViewController.m in Sources */ = {isa = PBXBuildFile; fileRef = 2443DC9F18D6647000C920C1 /* M2SettingsViewController.m */; };
		2443DCA318D6649500C920C1 /* M2Theme.m in Sources */ = {isa = PBXBuildFile; fileRef = 2443DCA218D6649500C920C1 /* M2Theme.m */; };
		2443DCA618D66CCC00C920C1 /* M2ViewController.m in Sources */ = {isa = PBXBuildFile; fileRef = 2443DCA518D66CCC00C920C1 /* M2ViewController.m */; };
		2443DCAF18D6C18400C920C1 /* M2Tile.m in Sources */ = {isa = PBXBuildFile; fileRef = 2443DCAE18D6C18400C920C1 /* M2Tile.m */; };
		24C4515B18D6DC4A0001FCFD /* M2Cell.m in Sources */ = {isa = PBXBuildFile; fileRef = 24C4515A18D6DC4A0001FCFD /* M2Cell.m */; };
		24C4515E18D6DC740001FCFD /* M2Grid.m in Sources */ = {isa = PBXBuildFile; fileRef = 24C4515D18D6DC740001FCFD /* M2Grid.m */; };
		24C4516418DABABE0001FCFD /* M2GlobalState.m in Sources */ = {isa = PBXBuildFile; fileRef = 24C4516218DABABE0001FCFD /* M2GlobalState.m */; };
		24C4516818DD64A90001FCFD /* M2GridView.m in Sources */ = {isa = PBXBuildFile; fileRef = 24C4516718DD64A90001FCFD /* M2GridView.m */; };
		24C4517018DFF10B0001FCFD /* M2ScoreView.m in Sources */ = {isa = PBXBuildFile; fileRef = 24C4516F18DFF10B0001FCFD /* M2ScoreView.m */; };
		24C4517318E140AE0001FCFD /* M2SettingsDetailViewController.m in Sources */ = {isa = PBXBuildFile; fileRef = 24C4517218E140AE0001FCFD /* M2SettingsDetailViewController.m */; };
		24C4518118E265390001FCFD /* M2Overlay.m in Sources */ = {isa = PBXBuildFile; fileRef = 24C4518018E265390001FCFD /* M2Overlay.m */; };
		9485385F1953373F00216B93 /* AdColony.framework in Frameworks */ = {isa = PBXBuildFile; fileRef = 948538181953373E00216B93 /* AdColony.framework */; };
		948538601953373F00216B93 /* libAppLovinSdk.a in Frameworks */ = {isa = PBXBuildFile; fileRef = 9485382B1953373E00216B93 /* libAppLovinSdk.a */; };
		948538611953373F00216B93 /* CHANGELOG.md in Resources */ = {isa = PBXBuildFile; fileRef = 948538321953373E00216B93 /* CHANGELOG.md */; };
		948538621953373F00216B93 /* libChartboost.a in Frameworks */ = {isa = PBXBuildFile; fileRef = 948538341953373E00216B93 /* libChartboost.a */; };
		948538631953373F00216B93 /* README.md in Resources */ = {isa = PBXBuildFile; fileRef = 948538351953373F00216B93 /* README.md */; };
		948538641953373F00216B93 /* libGoogleAdMobAds.a in Frameworks */ = {isa = PBXBuildFile; fileRef = 948538431953373F00216B93 /* libGoogleAdMobAds.a */; };
		948538651953373F00216B93 /* README.txt in Resources */ = {isa = PBXBuildFile; fileRef = 948538441953373F00216B93 /* README.txt */; };
		948538661953373F00216B93 /* libInMobi-4.3.0.a in Frameworks */ = {isa = PBXBuildFile; fileRef = 948538521953373F00216B93 /* libInMobi-4.3.0.a */; };
		948538671953373F00216B93 /* RevMobAds.framework in Frameworks */ = {isa = PBXBuildFile; fileRef = 948538541953373F00216B93 /* RevMobAds.framework */; };
		948538681953373F00216B93 /* vg_button_close.png in Resources */ = {isa = PBXBuildFile; fileRef = 948538581953373F00216B93 /* vg_button_close.png */; };
		948538691953373F00216B93 /* vg_button_mute_plain.png in Resources */ = {isa = PBXBuildFile; fileRef = 948538591953373F00216B93 /* vg_button_mute_plain.png */; };
		9485386A1953373F00216B93 /* vg_button_mute_selected.png in Resources */ = {isa = PBXBuildFile; fileRef = 9485385A1953373F00216B93 /* vg_button_mute_selected.png */; };
		9485386B1953373F00216B93 /* vunglepub.framework in Frameworks */ = {isa = PBXBuildFile; fileRef = 9485385B1953373F00216B93 /* vunglepub.framework */; };
		9485386C1953373F00216B93 /* libAdTapsy_device.a in Frameworks */ = {isa = PBXBuildFile; fileRef = 9485385D1953373F00216B93 /* libAdTapsy_device.a */; };
		9485386D1953373F00216B93 /* libAdTapsy_simulator.a in Frameworks */ = {isa = PBXBuildFile; fileRef = 9485385E1953373F00216B93 /* libAdTapsy_simulator.a */; };
		94981D521952F8F40018C9DE /* AdSupport.framework in Frameworks */ = {isa = PBXBuildFile; fileRef = 94981D461952F8F40018C9DE /* AdSupport.framework */; };
		94981D561952F8F40018C9DE /* CFNetwork.framework in Frameworks */ = {isa = PBXBuildFile; fileRef = 94981D4A1952F8F40018C9DE /* CFNetwork.framework */; };
		94981D571952F8F40018C9DE /* CoreAudio.framework in Frameworks */ = {isa = PBXBuildFile; fileRef = 94981D4B1952F8F40018C9DE /* CoreAudio.framework */; };
		94981D581952F8F40018C9DE /* CoreData.framework in Frameworks */ = {isa = PBXBuildFile; fileRef = 94981D4C1952F8F40018C9DE /* CoreData.framework */; };
		94981D591952F8F40018C9DE /* CoreMedia.framework in Frameworks */ = {isa = PBXBuildFile; fileRef = 94981D4D1952F8F40018C9DE /* CoreMedia.framework */; };
		94981D5A1952F8F40018C9DE /* CoreMotion.framework in Frameworks */ = {isa = PBXBuildFile; fileRef = 94981D4E1952F8F40018C9DE /* CoreMotion.framework */; };
		94981D5B1952F8F40018C9DE /* CoreTelephony.framework in Frameworks */ = {isa = PBXBuildFile; fileRef = 94981D4F1952F8F40018C9DE /* CoreTelephony.framework */; };
		94981D5C1952F8F40018C9DE /* EventKit.framework in Frameworks */ = {isa = PBXBuildFile; fileRef = 94981D501952F8F40018C9DE /* EventKit.framework */; };
		94981D5D1952F8F40018C9DE /* EventKitUI.framework in Frameworks */ = {isa = PBXBuildFile; fileRef = 94981D511952F8F40018C9DE /* EventKitUI.framework */; };
		94981D5F1952F8F90018C9DE /* libz.dylib in Frameworks */ = {isa = PBXBuildFile; fileRef = 94981D5E1952F8F90018C9DE /* libz.dylib */; };
		94981D611952F9A90018C9DE /* libsqlite3.0.dylib in Frameworks */ = {isa = PBXBuildFile; fileRef = 94981D601952F9A90018C9DE /* libsqlite3.0.dylib */; };
		94981D631952F9D50018C9DE /* MediaPlayer.framework in Frameworks */ = {isa = PBXBuildFile; fileRef = 94981D621952F9D50018C9DE /* MediaPlayer.framework */; };
		94981D651952F9EE0018C9DE /* Social.framework in Frameworks */ = {isa = PBXBuildFile; fileRef = 94981D641952F9EE0018C9DE /* Social.framework */; };
/* End PBXBuildFile section */

/* Begin PBXContainerItemProxy section */
		2443DC7F18D662CA00C920C1 /* PBXContainerItemProxy */ = {
			isa = PBXContainerItemProxy;
			containerPortal = 2443DC4A18D662CA00C920C1 /* Project object */;
			proxyType = 1;
			remoteGlobalIDString = 2443DC5118D662CA00C920C1;
			remoteInfo = m2048;
		};
/* End PBXContainerItemProxy section */

/* Begin PBXFileReference section */
		2443DC5218D662CA00C920C1 /* m2048.app */ = {isa = PBXFileReference; explicitFileType = wrapper.application; includeInIndex = 0; path = m2048.app; sourceTree = BUILT_PRODUCTS_DIR; };
		2443DC5518D662CA00C920C1 /* Foundation.framework */ = {isa = PBXFileReference; lastKnownFileType = wrapper.framework; name = Foundation.framework; path = System/Library/Frameworks/Foundation.framework; sourceTree = SDKROOT; };
		2443DC5718D662CA00C920C1 /* CoreGraphics.framework */ = {isa = PBXFileReference; lastKnownFileType = wrapper.framework; name = CoreGraphics.framework; path = System/Library/Frameworks/CoreGraphics.framework; sourceTree = SDKROOT; };
		2443DC5918D662CA00C920C1 /* UIKit.framework */ = {isa = PBXFileReference; lastKnownFileType = wrapper.framework; name = UIKit.framework; path = System/Library/Frameworks/UIKit.framework; sourceTree = SDKROOT; };
		2443DC5B18D662CA00C920C1 /* SpriteKit.framework */ = {isa = PBXFileReference; lastKnownFileType = wrapper.framework; name = SpriteKit.framework; path = System/Library/Frameworks/SpriteKit.framework; sourceTree = SDKROOT; };
		2443DC5F18D662CA00C920C1 /* m2048-Info.plist */ = {isa = PBXFileReference; lastKnownFileType = text.plist.xml; path = "m2048-Info.plist"; sourceTree = "<group>"; };
		2443DC6118D662CA00C920C1 /* en */ = {isa = PBXFileReference; lastKnownFileType = text.plist.strings; name = en; path = en.lproj/InfoPlist.strings; sourceTree = "<group>"; };
		2443DC6318D662CA00C920C1 /* main.m */ = {isa = PBXFileReference; lastKnownFileType = sourcecode.c.objc; path = main.m; sourceTree = "<group>"; };
		2443DC6518D662CA00C920C1 /* m2048-Prefix.pch */ = {isa = PBXFileReference; lastKnownFileType = sourcecode.c.h; path = "m2048-Prefix.pch"; sourceTree = "<group>"; };
		2443DC6618D662CA00C920C1 /* M2AppDelegate.h */ = {isa = PBXFileReference; lastKnownFileType = sourcecode.c.h; path = M2AppDelegate.h; sourceTree = "<group>"; };
		2443DC6718D662CA00C920C1 /* M2AppDelegate.m */ = {isa = PBXFileReference; lastKnownFileType = sourcecode.c.objc; path = M2AppDelegate.m; sourceTree = "<group>"; };
		2443DC6A18D662CA00C920C1 /* Base */ = {isa = PBXFileReference; lastKnownFileType = file.storyboard; name = Base; path = Base.lproj/Main.storyboard; sourceTree = "<group>"; };
		2443DC7418D662CA00C920C1 /* Images.xcassets */ = {isa = PBXFileReference; lastKnownFileType = folder.assetcatalog; path = Images.xcassets; sourceTree = "<group>"; };
		2443DC7A18D662CA00C920C1 /* m2048Tests.xctest */ = {isa = PBXFileReference; explicitFileType = wrapper.cfbundle; includeInIndex = 0; path = m2048Tests.xctest; sourceTree = BUILT_PRODUCTS_DIR; };
		2443DC7B18D662CA00C920C1 /* XCTest.framework */ = {isa = PBXFileReference; lastKnownFileType = wrapper.framework; name = XCTest.framework; path = Library/Frameworks/XCTest.framework; sourceTree = DEVELOPER_DIR; };
		2443DC8318D662CA00C920C1 /* m2048Tests-Info.plist */ = {isa = PBXFileReference; lastKnownFileType = text.plist.xml; path = "m2048Tests-Info.plist"; sourceTree = "<group>"; };
		2443DC8518D662CA00C920C1 /* en */ = {isa = PBXFileReference; lastKnownFileType = text.plist.strings; name = en; path = en.lproj/InfoPlist.strings; sourceTree = "<group>"; };
		2443DC8718D662CA00C920C1 /* m2048Tests.m */ = {isa = PBXFileReference; lastKnownFileType = sourcecode.c.objc; path = m2048Tests.m; sourceTree = "<group>"; };
		2443DC9518D663FC00C920C1 /* M2Scene.h */ = {isa = PBXFileReference; fileEncoding = 4; lastKnownFileType = sourcecode.c.h; path = M2Scene.h; sourceTree = "<group>"; };
		2443DC9618D663FC00C920C1 /* M2Scene.m */ = {isa = PBXFileReference; fileEncoding = 4; lastKnownFileType = sourcecode.c.objc; path = M2Scene.m; sourceTree = "<group>"; };
		2443DC9818D663FC00C920C1 /* M2GameManager.h */ = {isa = PBXFileReference; fileEncoding = 4; lastKnownFileType = sourcecode.c.h; path = M2GameManager.h; sourceTree = "<group>"; };
		2443DC9918D663FC00C920C1 /* M2GameManager.m */ = {isa = PBXFileReference; fileEncoding = 4; lastKnownFileType = sourcecode.c.objc; path = M2GameManager.m; sourceTree = "<group>"; };
		2443DC9E18D6647000C920C1 /* M2SettingsViewController.h */ = {isa = PBXFileReference; fileEncoding = 4; lastKnownFileType = sourcecode.c.h; path = M2SettingsViewController.h; sourceTree = "<group>"; };
		2443DC9F18D6647000C920C1 /* M2SettingsViewController.m */ = {isa = PBXFileReference; fileEncoding = 4; lastKnownFileType = sourcecode.c.objc; path = M2SettingsViewController.m; sourceTree = "<group>"; };
		2443DCA118D6649500C920C1 /* M2Theme.h */ = {isa = PBXFileReference; fileEncoding = 4; lastKnownFileType = sourcecode.c.h; path = M2Theme.h; sourceTree = "<group>"; };
		2443DCA218D6649500C920C1 /* M2Theme.m */ = {isa = PBXFileReference; fileEncoding = 4; lastKnownFileType = sourcecode.c.objc; path = M2Theme.m; sourceTree = "<group>"; };
		2443DCA418D66CCC00C920C1 /* M2ViewController.h */ = {isa = PBXFileReference; fileEncoding = 4; lastKnownFileType = sourcecode.c.h; path = M2ViewController.h; sourceTree = "<group>"; };
		2443DCA518D66CCC00C920C1 /* M2ViewController.m */ = {isa = PBXFileReference; fileEncoding = 4; lastKnownFileType = sourcecode.c.objc; path = M2ViewController.m; sourceTree = "<group>"; };
		2443DCAD18D6C18400C920C1 /* M2Tile.h */ = {isa = PBXFileReference; fileEncoding = 4; lastKnownFileType = sourcecode.c.h; path = M2Tile.h; sourceTree = "<group>"; };
		2443DCAE18D6C18400C920C1 /* M2Tile.m */ = {isa = PBXFileReference; fileEncoding = 4; lastKnownFileType = sourcecode.c.objc; path = M2Tile.m; sourceTree = "<group>"; };
		24C4515918D6DC4A0001FCFD /* M2Cell.h */ = {isa = PBXFileReference; fileEncoding = 4; lastKnownFileType = sourcecode.c.h; path = M2Cell.h; sourceTree = "<group>"; };
		24C4515A18D6DC4A0001FCFD /* M2Cell.m */ = {isa = PBXFileReference; fileEncoding = 4; lastKnownFileType = sourcecode.c.objc; path = M2Cell.m; sourceTree = "<group>"; };
		24C4515C18D6DC740001FCFD /* M2Grid.h */ = {isa = PBXFileReference; fileEncoding = 4; lastKnownFileType = sourcecode.c.h; path = M2Grid.h; sourceTree = "<group>"; };
		24C4515D18D6DC740001FCFD /* M2Grid.m */ = {isa = PBXFileReference; fileEncoding = 4; lastKnownFileType = sourcecode.c.objc; path = M2Grid.m; sourceTree = "<group>"; };
		24C4516118DABABE0001FCFD /* M2GlobalState.h */ = {isa = PBXFileReference; fileEncoding = 4; lastKnownFileType = sourcecode.c.h; path = M2GlobalState.h; sourceTree = "<group>"; };
		24C4516218DABABE0001FCFD /* M2GlobalState.m */ = {isa = PBXFileReference; fileEncoding = 4; lastKnownFileType = sourcecode.c.objc; path = M2GlobalState.m; sourceTree = "<group>"; };
		24C4516318DABABE0001FCFD /* M2Position.h */ = {isa = PBXFileReference; fileEncoding = 4; lastKnownFileType = sourcecode.c.h; path = M2Position.h; sourceTree = "<group>"; };
		24C4516618DD64A90001FCFD /* M2GridView.h */ = {isa = PBXFileReference; fileEncoding = 4; lastKnownFileType = sourcecode.c.h; path = M2GridView.h; sourceTree = "<group>"; };
		24C4516718DD64A90001FCFD /* M2GridView.m */ = {isa = PBXFileReference; fileEncoding = 4; lastKnownFileType = sourcecode.c.objc; path = M2GridView.m; sourceTree = "<group>"; };
		24C4516E18DFF10B0001FCFD /* M2ScoreView.h */ = {isa = PBXFileReference; fileEncoding = 4; lastKnownFileType = sourcecode.c.h; path = M2ScoreView.h; sourceTree = "<group>"; };
		24C4516F18DFF10B0001FCFD /* M2ScoreView.m */ = {isa = PBXFileReference; fileEncoding = 4; lastKnownFileType = sourcecode.c.objc; path = M2ScoreView.m; sourceTree = "<group>"; };
		24C4517118E140AE0001FCFD /* M2SettingsDetailViewController.h */ = {isa = PBXFileReference; fileEncoding = 4; lastKnownFileType = sourcecode.c.h; path = M2SettingsDetailViewController.h; sourceTree = "<group>"; };
		24C4517218E140AE0001FCFD /* M2SettingsDetailViewController.m */ = {isa = PBXFileReference; fileEncoding = 4; lastKnownFileType = sourcecode.c.objc; path = M2SettingsDetailViewController.m; sourceTree = "<group>"; };
		24C4517F18E265390001FCFD /* M2Overlay.h */ = {isa = PBXFileReference; fileEncoding = 4; lastKnownFileType = sourcecode.c.h; path = M2Overlay.h; sourceTree = "<group>"; };
		24C4518018E265390001FCFD /* M2Overlay.m */ = {isa = PBXFileReference; fileEncoding = 4; lastKnownFileType = sourcecode.c.objc; path = M2Overlay.m; sourceTree = "<group>"; };
		948538181953373E00216B93 /* AdColony.framework */ = {isa = PBXFileReference; lastKnownFileType = wrapper.framework; path = AdColony.framework; sourceTree = "<group>"; };
		9485381B1953373E00216B93 /* ALAd.h */ = {isa = PBXFileReference; fileEncoding = 4; lastKnownFileType = sourcecode.c.h; path = ALAd.h; sourceTree = "<group>"; };
		9485381C1953373E00216B93 /* ALAdDisplayDelegate.h */ = {isa = PBXFileReference; fileEncoding = 4; lastKnownFileType = sourcecode.c.h; path = ALAdDisplayDelegate.h; sourceTree = "<group>"; };
		9485381D1953373E00216B93 /* ALAdLoadDelegate.h */ = {isa = PBXFileReference; fileEncoding = 4; lastKnownFileType = sourcecode.c.h; path = ALAdLoadDelegate.h; sourceTree = "<group>"; };
		9485381E1953373E00216B93 /* ALAdRewardDelegate.h */ = {isa = PBXFileReference; fileEncoding = 4; lastKnownFileType = sourcecode.c.h; path = ALAdRewardDelegate.h; sourceTree = "<group>"; };
		9485381F1953373E00216B93 /* ALAdService.h */ = {isa = PBXFileReference; fileEncoding = 4; lastKnownFileType = sourcecode.c.h; path = ALAdService.h; sourceTree = "<group>"; };
		948538201953373E00216B93 /* ALAdSize.h */ = {isa = PBXFileReference; fileEncoding = 4; lastKnownFileType = sourcecode.c.h; path = ALAdSize.h; sourceTree = "<group>"; };
		948538211953373E00216B93 /* ALAdType.h */ = {isa = PBXFileReference; fileEncoding = 4; lastKnownFileType = sourcecode.c.h; path = ALAdType.h; sourceTree = "<group>"; };
		948538221953373E00216B93 /* ALAdUpdateDelegate.h */ = {isa = PBXFileReference; fileEncoding = 4; lastKnownFileType = sourcecode.c.h; path = ALAdUpdateDelegate.h; sourceTree = "<group>"; };
		948538231953373E00216B93 /* ALAdVideoPlaybackDelegate.h */ = {isa = PBXFileReference; fileEncoding = 4; lastKnownFileType = sourcecode.c.h; path = ALAdVideoPlaybackDelegate.h; sourceTree = "<group>"; };
		948538241953373E00216B93 /* ALAdView.h */ = {isa = PBXFileReference; fileEncoding = 4; lastKnownFileType = sourcecode.c.h; path = ALAdView.h; sourceTree = "<group>"; };
		948538251953373E00216B93 /* ALErrorCodes.h */ = {isa = PBXFileReference; fileEncoding = 4; lastKnownFileType = sourcecode.c.h; path = ALErrorCodes.h; sourceTree = "<group>"; };
		948538261953373E00216B93 /* ALIncentivizedInterstitialAd.h */ = {isa = PBXFileReference; fileEncoding = 4; lastKnownFileType = sourcecode.c.h; path = ALIncentivizedInterstitialAd.h; sourceTree = "<group>"; };
		948538271953373E00216B93 /* ALInterstitialAd.h */ = {isa = PBXFileReference; fileEncoding = 4; lastKnownFileType = sourcecode.c.h; path = ALInterstitialAd.h; sourceTree = "<group>"; };
		948538281953373E00216B93 /* ALSdk.h */ = {isa = PBXFileReference; fileEncoding = 4; lastKnownFileType = sourcecode.c.h; path = ALSdk.h; sourceTree = "<group>"; };
		948538291953373E00216B93 /* ALSdkSettings.h */ = {isa = PBXFileReference; fileEncoding = 4; lastKnownFileType = sourcecode.c.h; path = ALSdkSettings.h; sourceTree = "<group>"; };
		9485382A1953373E00216B93 /* ALTargetingData.h */ = {isa = PBXFileReference; fileEncoding = 4; lastKnownFileType = sourcecode.c.h; path = ALTargetingData.h; sourceTree = "<group>"; };
		9485382B1953373E00216B93 /* libAppLovinSdk.a */ = {isa = PBXFileReference; lastKnownFileType = archive.ar; path = libAppLovinSdk.a; sourceTree = "<group>"; };
		9485382D1953373E00216B93 /* CBMoreAppsButton.h */ = {isa = PBXFileReference; fileEncoding = 4; lastKnownFileType = sourcecode.c.h; path = CBMoreAppsButton.h; sourceTree = "<group>"; };
		9485382E1953373E00216B93 /* CBNewsfeed.h */ = {isa = PBXFileReference; fileEncoding = 4; lastKnownFileType = sourcecode.c.h; path = CBNewsfeed.h; sourceTree = "<group>"; };
		9485382F1953373E00216B93 /* CBNewsfeedUI.h */ = {isa = PBXFileReference; fileEncoding = 4; lastKnownFileType = sourcecode.c.h; path = CBNewsfeedUI.h; sourceTree = "<group>"; };
		948538301953373E00216B93 /* CBPostInstallAnalyticsTracker.h */ = {isa = PBXFileReference; fileEncoding = 4; lastKnownFileType = sourcecode.c.h; path = CBPostInstallAnalyticsTracker.h; sourceTree = "<group>"; };
		948538311953373E00216B93 /* CBStory.h */ = {isa = PBXFileReference; fileEncoding = 4; lastKnownFileType = sourcecode.c.h; path = CBStory.h; sourceTree = "<group>"; };
		948538321953373E00216B93 /* CHANGELOG.md */ = {isa = PBXFileReference; fileEncoding = 4; lastKnownFileType = text; path = CHANGELOG.md; sourceTree = "<group>"; };
		948538331953373E00216B93 /* Chartboost.h */ = {isa = PBXFileReference; fileEncoding = 4; lastKnownFileType = sourcecode.c.h; path = Chartboost.h; sourceTree = "<group>"; };
		948538341953373E00216B93 /* libChartboost.a */ = {isa = PBXFileReference; lastKnownFileType = archive.ar; path = libChartboost.a; sourceTree = "<group>"; };
		948538351953373F00216B93 /* README.md */ = {isa = PBXFileReference; fileEncoding = 4; lastKnownFileType = text; path = README.md; sourceTree = "<group>"; };
		948538371953373F00216B93 /* GADAdMobExtras.h */ = {isa = PBXFileReference; fileEncoding = 4; lastKnownFileType = sourcecode.c.h; path = GADAdMobExtras.h; sourceTree = "<group>"; };
		948538381953373F00216B93 /* GADAdNetworkExtras.h */ = {isa = PBXFileReference; fileEncoding = 4; lastKnownFileType = sourcecode.c.h; path = GADAdNetworkExtras.h; sourceTree = "<group>"; };
		948538391953373F00216B93 /* GADAdSize.h */ = {isa = PBXFileReference; fileEncoding = 4; lastKnownFileType = sourcecode.c.h; path = GADAdSize.h; sourceTree = "<group>"; };
		9485383A1953373F00216B93 /* GADBannerView.h */ = {isa = PBXFileReference; fileEncoding = 4; lastKnownFileType = sourcecode.c.h; path = GADBannerView.h; sourceTree = "<group>"; };
		9485383B1953373F00216B93 /* GADBannerViewDelegate.h */ = {isa = PBXFileReference; fileEncoding = 4; lastKnownFileType = sourcecode.c.h; path = GADBannerViewDelegate.h; sourceTree = "<group>"; };
		9485383C1953373F00216B93 /* GADInAppPurchase.h */ = {isa = PBXFileReference; fileEncoding = 4; lastKnownFileType = sourcecode.c.h; path = GADInAppPurchase.h; sourceTree = "<group>"; };
		9485383D1953373F00216B93 /* GADInAppPurchaseDelegate.h */ = {isa = PBXFileReference; fileEncoding = 4; lastKnownFileType = sourcecode.c.h; path = GADInAppPurchaseDelegate.h; sourceTree = "<group>"; };
		9485383E1953373F00216B93 /* GADInterstitial.h */ = {isa = PBXFileReference; fileEncoding = 4; lastKnownFileType = sourcecode.c.h; path = GADInterstitial.h; sourceTree = "<group>"; };
		9485383F1953373F00216B93 /* GADInterstitialDelegate.h */ = {isa = PBXFileReference; fileEncoding = 4; lastKnownFileType = sourcecode.c.h; path = GADInterstitialDelegate.h; sourceTree = "<group>"; };
		948538401953373F00216B93 /* GADModules.h */ = {isa = PBXFileReference; fileEncoding = 4; lastKnownFileType = sourcecode.c.h; path = GADModules.h; sourceTree = "<group>"; };
		948538411953373F00216B93 /* GADRequest.h */ = {isa = PBXFileReference; fileEncoding = 4; lastKnownFileType = sourcecode.c.h; path = GADRequest.h; sourceTree = "<group>"; };
		948538421953373F00216B93 /* GADRequestError.h */ = {isa = PBXFileReference; fileEncoding = 4; lastKnownFileType = sourcecode.c.h; path = GADRequestError.h; sourceTree = "<group>"; };
		948538431953373F00216B93 /* libGoogleAdMobAds.a */ = {isa = PBXFileReference; lastKnownFileType = archive.ar; path = libGoogleAdMobAds.a; sourceTree = "<group>"; };
		948538441953373F00216B93 /* README.txt */ = {isa = PBXFileReference; fileEncoding = 4; lastKnownFileType = text; path = README.txt; sourceTree = "<group>"; };
		948538471953373F00216B93 /* IMBanner.h */ = {isa = PBXFileReference; fileEncoding = 4; lastKnownFileType = sourcecode.c.h; path = IMBanner.h; sourceTree = "<group>"; };
		948538481953373F00216B93 /* IMBannerDelegate.h */ = {isa = PBXFileReference; fileEncoding = 4; lastKnownFileType = sourcecode.c.h; path = IMBannerDelegate.h; sourceTree = "<group>"; };
		948538491953373F00216B93 /* IMConstants.h */ = {isa = PBXFileReference; fileEncoding = 4; lastKnownFileType = sourcecode.c.h; path = IMConstants.h; sourceTree = "<group>"; };
		9485384A1953373F00216B93 /* IMError.h */ = {isa = PBXFileReference; fileEncoding = 4; lastKnownFileType = sourcecode.c.h; path = IMError.h; sourceTree = "<group>"; };
		9485384B1953373F00216B93 /* IMIncentivisedDelegate.h */ = {isa = PBXFileReference; fileEncoding = 4; lastKnownFileType = sourcecode.c.h; path = IMIncentivisedDelegate.h; sourceTree = "<group>"; };
		9485384C1953373F00216B93 /* IMInterstitial.h */ = {isa = PBXFileReference; fileEncoding = 4; lastKnownFileType = sourcecode.c.h; path = IMInterstitial.h; sourceTree = "<group>"; };
		9485384D1953373F00216B93 /* IMInterstitialDelegate.h */ = {isa = PBXFileReference; fileEncoding = 4; lastKnownFileType = sourcecode.c.h; path = IMInterstitialDelegate.h; sourceTree = "<group>"; };
		9485384E1953373F00216B93 /* IMNative.h */ = {isa = PBXFileReference; fileEncoding = 4; lastKnownFileType = sourcecode.c.h; path = IMNative.h; sourceTree = "<group>"; };
		9485384F1953373F00216B93 /* IMNativeDelegate.h */ = {isa = PBXFileReference; fileEncoding = 4; lastKnownFileType = sourcecode.c.h; path = IMNativeDelegate.h; sourceTree = "<group>"; };
		948538501953373F00216B93 /* InMobi.h */ = {isa = PBXFileReference; fileEncoding = 4; lastKnownFileType = sourcecode.c.h; path = InMobi.h; sourceTree = "<group>"; };
		948538511953373F00216B93 /* InMobiAnalytics.h */ = {isa = PBXFileReference; fileEncoding = 4; lastKnownFileType = sourcecode.c.h; path = InMobiAnalytics.h; sourceTree = "<group>"; };
		948538521953373F00216B93 /* libInMobi-4.3.0.a */ = {isa = PBXFileReference; lastKnownFileType = archive.ar; path = "libInMobi-4.3.0.a"; sourceTree = "<group>"; };
		948538541953373F00216B93 /* RevMobAds.framework */ = {isa = PBXFileReference; lastKnownFileType = wrapper.framework; path = RevMobAds.framework; sourceTree = "<group>"; };
		948538581953373F00216B93 /* vg_button_close.png */ = {isa = PBXFileReference; lastKnownFileType = image.png; path = vg_button_close.png; sourceTree = "<group>"; };
		948538591953373F00216B93 /* vg_button_mute_plain.png */ = {isa = PBXFileReference; lastKnownFileType = image.png; path = vg_button_mute_plain.png; sourceTree = "<group>"; };
		9485385A1953373F00216B93 /* vg_button_mute_selected.png */ = {isa = PBXFileReference; lastKnownFileType = image.png; path = vg_button_mute_selected.png; sourceTree = "<group>"; };
		9485385B1953373F00216B93 /* vunglepub.framework */ = {isa = PBXFileReference; lastKnownFileType = wrapper.framework; path = vunglepub.framework; sourceTree = "<group>"; };
		9485385C1953373F00216B93 /* AdTapsy.h */ = {isa = PBXFileReference; fileEncoding = 4; lastKnownFileType = sourcecode.c.h; path = AdTapsy.h; sourceTree = "<group>"; };
		9485385D1953373F00216B93 /* libAdTapsy_device.a */ = {isa = PBXFileReference; lastKnownFileType = archive.ar; path = libAdTapsy_device.a; sourceTree = "<group>"; };
		9485385E1953373F00216B93 /* libAdTapsy_simulator.a */ = {isa = PBXFileReference; lastKnownFileType = archive.ar; path = libAdTapsy_simulator.a; sourceTree = "<group>"; };
		94981D461952F8F40018C9DE /* AdSupport.framework */ = {isa = PBXFileReference; lastKnownFileType = wrapper.framework; name = AdSupport.framework; path = System/Library/Frameworks/AdSupport.framework; sourceTree = SDKROOT; };
		94981D471952F8F40018C9DE /* AudioToolbox.framework */ = {isa = PBXFileReference; lastKnownFileType = wrapper.framework; name = AudioToolbox.framework; path = System/Library/Frameworks/AudioToolbox.framework; sourceTree = SDKROOT; };
		94981D481952F8F40018C9DE /* AudioUnit.framework */ = {isa = PBXFileReference; lastKnownFileType = wrapper.framework; name = AudioUnit.framework; path = System/Library/Frameworks/AudioUnit.framework; sourceTree = SDKROOT; };
		94981D491952F8F40018C9DE /* AVFoundation.framework */ = {isa = PBXFileReference; lastKnownFileType = wrapper.framework; name = AVFoundation.framework; path = System/Library/Frameworks/AVFoundation.framework; sourceTree = SDKROOT; };
		94981D4A1952F8F40018C9DE /* CFNetwork.framework */ = {isa = PBXFileReference; lastKnownFileType = wrapper.framework; name = CFNetwork.framework; path = System/Library/Frameworks/CFNetwork.framework; sourceTree = SDKROOT; };
		94981D4B1952F8F40018C9DE /* CoreAudio.framework */ = {isa = PBXFileReference; lastKnownFileType = wrapper.framework; name = CoreAudio.framework; path = System/Library/Frameworks/CoreAudio.framework; sourceTree = SDKROOT; };
		94981D4C1952F8F40018C9DE /* CoreData.framework */ = {isa = PBXFileReference; lastKnownFileType = wrapper.framework; name = CoreData.framework; path = System/Library/Frameworks/CoreData.framework; sourceTree = SDKROOT; };
		94981D4D1952F8F40018C9DE /* CoreMedia.framework */ = {isa = PBXFileReference; lastKnownFileType = wrapper.framework; name = CoreMedia.framework; path = System/Library/Frameworks/CoreMedia.framework; sourceTree = SDKROOT; };
		94981D4E1952F8F40018C9DE /* CoreMotion.framework */ = {isa = PBXFileReference; lastKnownFileType = wrapper.framework; name = CoreMotion.framework; path = System/Library/Frameworks/CoreMotion.framework; sourceTree = SDKROOT; };
		94981D4F1952F8F40018C9DE /* CoreTelephony.framework */ = {isa = PBXFileReference; lastKnownFileType = wrapper.framework; name = CoreTelephony.framework; path = System/Library/Frameworks/CoreTelephony.framework; sourceTree = SDKROOT; };
		94981D501952F8F40018C9DE /* EventKit.framework */ = {isa = PBXFileReference; lastKnownFileType = wrapper.framework; name = EventKit.framework; path = System/Library/Frameworks/EventKit.framework; sourceTree = SDKROOT; };
		94981D511952F8F40018C9DE /* EventKitUI.framework */ = {isa = PBXFileReference; lastKnownFileType = wrapper.framework; name = EventKitUI.framework; path = System/Library/Frameworks/EventKitUI.framework; sourceTree = SDKROOT; };
		94981D5E1952F8F90018C9DE /* libz.dylib */ = {isa = PBXFileReference; lastKnownFileType = "compiled.mach-o.dylib"; name = libz.dylib; path = usr/lib/libz.dylib; sourceTree = SDKROOT; };
		94981D601952F9A90018C9DE /* libsqlite3.0.dylib */ = {isa = PBXFileReference; lastKnownFileType = "compiled.mach-o.dylib"; name = libsqlite3.0.dylib; path = usr/lib/libsqlite3.0.dylib; sourceTree = SDKROOT; };
		94981D621952F9D50018C9DE /* MediaPlayer.framework */ = {isa = PBXFileReference; lastKnownFileType = wrapper.framework; name = MediaPlayer.framework; path = System/Library/Frameworks/MediaPlayer.framework; sourceTree = SDKROOT; };
		94981D641952F9EE0018C9DE /* Social.framework */ = {isa = PBXFileReference; lastKnownFileType = wrapper.framework; name = Social.framework; path = System/Library/Frameworks/Social.framework; sourceTree = SDKROOT; };
		94C3EDC91953278D009551D2 /* StoreKit.framework */ = {isa = PBXFileReference; lastKnownFileType = wrapper.framework; name = StoreKit.framework; path = System/Library/Frameworks/StoreKit.framework; sourceTree = SDKROOT; };
/* End PBXFileReference section */

/* Begin PBXFrameworksBuildPhase section */
		2443DC4F18D662CA00C920C1 /* Frameworks */ = {
			isa = PBXFrameworksBuildPhase;
			buildActionMask = 2147483647;
			files = (
				94981D651952F9EE0018C9DE /* Social.framework in Frameworks */,
				9485386C1953373F00216B93 /* libAdTapsy_device.a in Frameworks */,
				94981D631952F9D50018C9DE /* MediaPlayer.framework in Frameworks */,
				94981D611952F9A90018C9DE /* libsqlite3.0.dylib in Frameworks */,
				94981D5F1952F8F90018C9DE /* libz.dylib in Frameworks */,
				94981D521952F8F40018C9DE /* AdSupport.framework in Frameworks */,
				94981D561952F8F40018C9DE /* CFNetwork.framework in Frameworks */,
				94981D571952F8F40018C9DE /* CoreAudio.framework in Frameworks */,
				948538661953373F00216B93 /* libInMobi-4.3.0.a in Frameworks */,
				9485385F1953373F00216B93 /* AdColony.framework in Frameworks */,
				94981D581952F8F40018C9DE /* CoreData.framework in Frameworks */,
				94981D591952F8F40018C9DE /* CoreMedia.framework in Frameworks */,
				94981D5A1952F8F40018C9DE /* CoreMotion.framework in Frameworks */,
				948538641953373F00216B93 /* libGoogleAdMobAds.a in Frameworks */,
				94981D5B1952F8F40018C9DE /* CoreTelephony.framework in Frameworks */,
				948538601953373F00216B93 /* libAppLovinSdk.a in Frameworks */,
				94981D5C1952F8F40018C9DE /* EventKit.framework in Frameworks */,
				9485386D1953373F00216B93 /* libAdTapsy_simulator.a in Frameworks */,
				948538621953373F00216B93 /* libChartboost.a in Frameworks */,
				94981D5D1952F8F40018C9DE /* EventKitUI.framework in Frameworks */,
				2443DC5818D662CA00C920C1 /* CoreGraphics.framework in Frameworks */,
				2443DC5A18D662CA00C920C1 /* UIKit.framework in Frameworks */,
				948538671953373F00216B93 /* RevMobAds.framework in Frameworks */,
				2443DC5C18D662CA00C920C1 /* SpriteKit.framework in Frameworks */,
				2443DC5618D662CA00C920C1 /* Foundation.framework in Frameworks */,
				9485386B1953373F00216B93 /* vunglepub.framework in Frameworks */,
			);
			runOnlyForDeploymentPostprocessing = 0;
		};
		2443DC7718D662CA00C920C1 /* Frameworks */ = {
			isa = PBXFrameworksBuildPhase;
			buildActionMask = 2147483647;
			files = (
				2443DC7C18D662CA00C920C1 /* XCTest.framework in Frameworks */,
				2443DC7E18D662CA00C920C1 /* UIKit.framework in Frameworks */,
				2443DC7D18D662CA00C920C1 /* Foundation.framework in Frameworks */,
			);
			runOnlyForDeploymentPostprocessing = 0;
		};
/* End PBXFrameworksBuildPhase section */

/* Begin PBXGroup section */
		2443DC4918D662CA00C920C1 = {
			isa = PBXGroup;
			children = (
				948538161953373E00216B93 /* AdTapsy-0.2.2 */,
				2443DC5D18D662CA00C920C1 /* m2048 */,
				2443DC8118D662CA00C920C1 /* m2048Tests */,
				2443DC5418D662CA00C920C1 /* Frameworks */,
				2443DC5318D662CA00C920C1 /* Products */,
			);
			sourceTree = "<group>";
		};
		2443DC5318D662CA00C920C1 /* Products */ = {
			isa = PBXGroup;
			children = (
				2443DC5218D662CA00C920C1 /* m2048.app */,
				2443DC7A18D662CA00C920C1 /* m2048Tests.xctest */,
			);
			name = Products;
			sourceTree = "<group>";
		};
		2443DC5418D662CA00C920C1 /* Frameworks */ = {
			isa = PBXGroup;
			children = (
				94C3EDC91953278D009551D2 /* StoreKit.framework */,
				94981D641952F9EE0018C9DE /* Social.framework */,
				94981D621952F9D50018C9DE /* MediaPlayer.framework */,
				94981D601952F9A90018C9DE /* libsqlite3.0.dylib */,
				94981D5E1952F8F90018C9DE /* libz.dylib */,
				94981D461952F8F40018C9DE /* AdSupport.framework */,
				94981D471952F8F40018C9DE /* AudioToolbox.framework */,
				94981D481952F8F40018C9DE /* AudioUnit.framework */,
				94981D491952F8F40018C9DE /* AVFoundation.framework */,
				94981D4A1952F8F40018C9DE /* CFNetwork.framework */,
				94981D4B1952F8F40018C9DE /* CoreAudio.framework */,
				94981D4C1952F8F40018C9DE /* CoreData.framework */,
				94981D4D1952F8F40018C9DE /* CoreMedia.framework */,
				94981D4E1952F8F40018C9DE /* CoreMotion.framework */,
				94981D4F1952F8F40018C9DE /* CoreTelephony.framework */,
				94981D501952F8F40018C9DE /* EventKit.framework */,
				94981D511952F8F40018C9DE /* EventKitUI.framework */,
				2443DC5518D662CA00C920C1 /* Foundation.framework */,
				2443DC5718D662CA00C920C1 /* CoreGraphics.framework */,
				2443DC5918D662CA00C920C1 /* UIKit.framework */,
				2443DC5B18D662CA00C920C1 /* SpriteKit.framework */,
				2443DC7B18D662CA00C920C1 /* XCTest.framework */,
			);
			name = Frameworks;
			sourceTree = "<group>";
		};
		2443DC5D18D662CA00C920C1 /* m2048 */ = {
			isa = PBXGroup;
			children = (
				2443DC6618D662CA00C920C1 /* M2AppDelegate.h */,
				2443DC6718D662CA00C920C1 /* M2AppDelegate.m */,
				2443DC6918D662CA00C920C1 /* Main.storyboard */,
				2443DC9C18D6645800C920C1 /* Appearance */,
				2443DC9D18D6645800C920C1 /* Controller */,
				24C4516018DABABE0001FCFD /* Global */,
				2443DC9418D663FC00C920C1 /* Sprite Kit */,
				2443DC9718D663FC00C920C1 /* State */,
				24C4516518DD64630001FCFD /* View */,
				2443DC5E18D662CA00C920C1 /* Supporting Files */,
				2443DC7418D662CA00C920C1 /* Images.xcassets */,
			);
			path = m2048;
			sourceTree = "<group>";
		};
		2443DC5E18D662CA00C920C1 /* Supporting Files */ = {
			isa = PBXGroup;
			children = (
				2443DC5F18D662CA00C920C1 /* m2048-Info.plist */,
				2443DC6018D662CA00C920C1 /* InfoPlist.strings */,
				2443DC6318D662CA00C920C1 /* main.m */,
				2443DC6518D662CA00C920C1 /* m2048-Prefix.pch */,
			);
			name = "Supporting Files";
			sourceTree = "<group>";
		};
		2443DC8118D662CA00C920C1 /* m2048Tests */ = {
			isa = PBXGroup;
			children = (
				2443DC8718D662CA00C920C1 /* m2048Tests.m */,
				2443DC8218D662CA00C920C1 /* Supporting Files */,
			);
			path = m2048Tests;
			sourceTree = "<group>";
		};
		2443DC8218D662CA00C920C1 /* Supporting Files */ = {
			isa = PBXGroup;
			children = (
				2443DC8318D662CA00C920C1 /* m2048Tests-Info.plist */,
				2443DC8418D662CA00C920C1 /* InfoPlist.strings */,
			);
			name = "Supporting Files";
			sourceTree = "<group>";
		};
		2443DC9418D663FC00C920C1 /* Sprite Kit */ = {
			isa = PBXGroup;
			children = (
				24C4515918D6DC4A0001FCFD /* M2Cell.h */,
				24C4515A18D6DC4A0001FCFD /* M2Cell.m */,
				24C4515C18D6DC740001FCFD /* M2Grid.h */,
				24C4515D18D6DC740001FCFD /* M2Grid.m */,
				2443DC9518D663FC00C920C1 /* M2Scene.h */,
				2443DC9618D663FC00C920C1 /* M2Scene.m */,
				2443DCAD18D6C18400C920C1 /* M2Tile.h */,
				2443DCAE18D6C18400C920C1 /* M2Tile.m */,
			);
			path = "Sprite Kit";
			sourceTree = "<group>";
		};
		2443DC9718D663FC00C920C1 /* State */ = {
			isa = PBXGroup;
			children = (
				2443DC9818D663FC00C920C1 /* M2GameManager.h */,
				2443DC9918D663FC00C920C1 /* M2GameManager.m */,
			);
			path = State;
			sourceTree = "<group>";
		};
		2443DC9C18D6645800C920C1 /* Appearance */ = {
			isa = PBXGroup;
			children = (
				2443DCA118D6649500C920C1 /* M2Theme.h */,
				2443DCA218D6649500C920C1 /* M2Theme.m */,
			);
			path = Appearance;
			sourceTree = "<group>";
		};
		2443DC9D18D6645800C920C1 /* Controller */ = {
			isa = PBXGroup;
			children = (
				2443DCA418D66CCC00C920C1 /* M2ViewController.h */,
				2443DCA518D66CCC00C920C1 /* M2ViewController.m */,
				2443DC9E18D6647000C920C1 /* M2SettingsViewController.h */,
				2443DC9F18D6647000C920C1 /* M2SettingsViewController.m */,
				24C4517118E140AE0001FCFD /* M2SettingsDetailViewController.h */,
				24C4517218E140AE0001FCFD /* M2SettingsDetailViewController.m */,
			);
			path = Controller;
			sourceTree = "<group>";
		};
		24C4516018DABABE0001FCFD /* Global */ = {
			isa = PBXGroup;
			children = (
				24C4516118DABABE0001FCFD /* M2GlobalState.h */,
				24C4516218DABABE0001FCFD /* M2GlobalState.m */,
				24C4516318DABABE0001FCFD /* M2Position.h */,
			);
			path = Global;
			sourceTree = "<group>";
		};
		24C4516518DD64630001FCFD /* View */ = {
			isa = PBXGroup;
			children = (
				24C4516618DD64A90001FCFD /* M2GridView.h */,
				24C4516718DD64A90001FCFD /* M2GridView.m */,
				24C4516E18DFF10B0001FCFD /* M2ScoreView.h */,
				24C4516F18DFF10B0001FCFD /* M2ScoreView.m */,
				24C4517F18E265390001FCFD /* M2Overlay.h */,
				24C4518018E265390001FCFD /* M2Overlay.m */,
			);
			path = View;
			sourceTree = "<group>";
		};
		948538161953373E00216B93 /* AdTapsy-0.2.2 */ = {
			isa = PBXGroup;
			children = (
				948538171953373E00216B93 /* AdNetworks */,
				9485385C1953373F00216B93 /* AdTapsy.h */,
				9485385D1953373F00216B93 /* libAdTapsy_device.a */,
				9485385E1953373F00216B93 /* libAdTapsy_simulator.a */,
			);
			path = "AdTapsy-0.2.2";
			sourceTree = "<group>";
		};
		948538171953373E00216B93 /* AdNetworks */ = {
			isa = PBXGroup;
			children = (
				948538181953373E00216B93 /* AdColony.framework */,
				948538191953373E00216B93 /* applovin-ios-sdk-2.4.0 */,
				9485382C1953373E00216B93 /* Chartboost-4.5 */,
				948538361953373F00216B93 /* GoogleMobileAdsSdkiOS-6.9.2 */,
				948538451953373F00216B93 /* inmobi-4.3 */,
				948538531953373F00216B93 /* revmob-ios-sdk-7.5.3 */,
				948538551953373F00216B93 /* vungle-2.0.1 */,
			);
			path = AdNetworks;
			sourceTree = "<group>";
		};
		948538191953373E00216B93 /* applovin-ios-sdk-2.4.0 */ = {
			isa = PBXGroup;
			children = (
				9485381A1953373E00216B93 /* headers */,
				9485382B1953373E00216B93 /* libAppLovinSdk.a */,
			);
			path = "applovin-ios-sdk-2.4.0";
			sourceTree = "<group>";
		};
		9485381A1953373E00216B93 /* headers */ = {
			isa = PBXGroup;
			children = (
				9485381B1953373E00216B93 /* ALAd.h */,
				9485381C1953373E00216B93 /* ALAdDisplayDelegate.h */,
				9485381D1953373E00216B93 /* ALAdLoadDelegate.h */,
				9485381E1953373E00216B93 /* ALAdRewardDelegate.h */,
				9485381F1953373E00216B93 /* ALAdService.h */,
				948538201953373E00216B93 /* ALAdSize.h */,
				948538211953373E00216B93 /* ALAdType.h */,
				948538221953373E00216B93 /* ALAdUpdateDelegate.h */,
				948538231953373E00216B93 /* ALAdVideoPlaybackDelegate.h */,
				948538241953373E00216B93 /* ALAdView.h */,
				948538251953373E00216B93 /* ALErrorCodes.h */,
				948538261953373E00216B93 /* ALIncentivizedInterstitialAd.h */,
				948538271953373E00216B93 /* ALInterstitialAd.h */,
				948538281953373E00216B93 /* ALSdk.h */,
				948538291953373E00216B93 /* ALSdkSettings.h */,
				9485382A1953373E00216B93 /* ALTargetingData.h */,
			);
			path = headers;
			sourceTree = "<group>";
		};
		9485382C1953373E00216B93 /* Chartboost-4.5 */ = {
			isa = PBXGroup;
			children = (
				9485382D1953373E00216B93 /* CBMoreAppsButton.h */,
				9485382E1953373E00216B93 /* CBNewsfeed.h */,
				9485382F1953373E00216B93 /* CBNewsfeedUI.h */,
				948538301953373E00216B93 /* CBPostInstallAnalyticsTracker.h */,
				948538311953373E00216B93 /* CBStory.h */,
				948538321953373E00216B93 /* CHANGELOG.md */,
				948538331953373E00216B93 /* Chartboost.h */,
				948538341953373E00216B93 /* libChartboost.a */,
				948538351953373F00216B93 /* README.md */,
			);
			path = "Chartboost-4.5";
			sourceTree = "<group>";
		};
		948538361953373F00216B93 /* GoogleMobileAdsSdkiOS-6.9.2 */ = {
			isa = PBXGroup;
			children = (
				948538371953373F00216B93 /* GADAdMobExtras.h */,
				948538381953373F00216B93 /* GADAdNetworkExtras.h */,
				948538391953373F00216B93 /* GADAdSize.h */,
				9485383A1953373F00216B93 /* GADBannerView.h */,
				9485383B1953373F00216B93 /* GADBannerViewDelegate.h */,
				9485383C1953373F00216B93 /* GADInAppPurchase.h */,
				9485383D1953373F00216B93 /* GADInAppPurchaseDelegate.h */,
				9485383E1953373F00216B93 /* GADInterstitial.h */,
				9485383F1953373F00216B93 /* GADInterstitialDelegate.h */,
				948538401953373F00216B93 /* GADModules.h */,
				948538411953373F00216B93 /* GADRequest.h */,
				948538421953373F00216B93 /* GADRequestError.h */,
				948538431953373F00216B93 /* libGoogleAdMobAds.a */,
				948538441953373F00216B93 /* README.txt */,
			);
			path = "GoogleMobileAdsSdkiOS-6.9.2";
			sourceTree = "<group>";
		};
		948538451953373F00216B93 /* inmobi-4.3 */ = {
			isa = PBXGroup;
			children = (
				948538461953373F00216B93 /* Libs */,
			);
			path = "inmobi-4.3";
			sourceTree = "<group>";
		};
		948538461953373F00216B93 /* Libs */ = {
			isa = PBXGroup;
			children = (
				948538471953373F00216B93 /* IMBanner.h */,
				948538481953373F00216B93 /* IMBannerDelegate.h */,
				948538491953373F00216B93 /* IMConstants.h */,
				9485384A1953373F00216B93 /* IMError.h */,
				9485384B1953373F00216B93 /* IMIncentivisedDelegate.h */,
				9485384C1953373F00216B93 /* IMInterstitial.h */,
				9485384D1953373F00216B93 /* IMInterstitialDelegate.h */,
				9485384E1953373F00216B93 /* IMNative.h */,
				9485384F1953373F00216B93 /* IMNativeDelegate.h */,
				948538501953373F00216B93 /* InMobi.h */,
				948538511953373F00216B93 /* InMobiAnalytics.h */,
				948538521953373F00216B93 /* libInMobi-4.3.0.a */,
			);
			path = Libs;
			sourceTree = "<group>";
		};
		948538531953373F00216B93 /* revmob-ios-sdk-7.5.3 */ = {
			isa = PBXGroup;
			children = (
				948538541953373F00216B93 /* RevMobAds.framework */,
			);
			path = "revmob-ios-sdk-7.5.3";
			sourceTree = "<group>";
		};
		948538551953373F00216B93 /* vungle-2.0.1 */ = {
			isa = PBXGroup;
			children = (
				948538561953373F00216B93 /* vunglepub.embeddedframework */,
			);
			path = "vungle-2.0.1";
			sourceTree = "<group>";
		};
		948538561953373F00216B93 /* vunglepub.embeddedframework */ = {
			isa = PBXGroup;
			children = (
				948538571953373F00216B93 /* Resources */,
				9485385B1953373F00216B93 /* vunglepub.framework */,
			);
			path = vunglepub.embeddedframework;
			sourceTree = "<group>";
		};
		948538571953373F00216B93 /* Resources */ = {
			isa = PBXGroup;
			children = (
				948538581953373F00216B93 /* vg_button_close.png */,
				948538591953373F00216B93 /* vg_button_mute_plain.png */,
				9485385A1953373F00216B93 /* vg_button_mute_selected.png */,
			);
			path = Resources;
			sourceTree = "<group>";
		};
/* End PBXGroup section */

/* Begin PBXNativeTarget section */
		2443DC5118D662CA00C920C1 /* m2048 */ = {
			isa = PBXNativeTarget;
			buildConfigurationList = 2443DC8B18D662CA00C920C1 /* Build configuration list for PBXNativeTarget "m2048" */;
			buildPhases = (
				2443DC4E18D662CA00C920C1 /* Sources */,
				2443DC4F18D662CA00C920C1 /* Frameworks */,
				2443DC5018D662CA00C920C1 /* Resources */,
			);
			buildRules = (
			);
			dependencies = (
			);
			name = m2048;
			productName = m2048;
			productReference = 2443DC5218D662CA00C920C1 /* m2048.app */;
			productType = "com.apple.product-type.application";
		};
		2443DC7918D662CA00C920C1 /* m2048Tests */ = {
			isa = PBXNativeTarget;
			buildConfigurationList = 2443DC8E18D662CA00C920C1 /* Build configuration list for PBXNativeTarget "m2048Tests" */;
			buildPhases = (
				2443DC7618D662CA00C920C1 /* Sources */,
				2443DC7718D662CA00C920C1 /* Frameworks */,
				2443DC7818D662CA00C920C1 /* Resources */,
			);
			buildRules = (
			);
			dependencies = (
				2443DC8018D662CA00C920C1 /* PBXTargetDependency */,
			);
			name = m2048Tests;
			productName = m2048Tests;
			productReference = 2443DC7A18D662CA00C920C1 /* m2048Tests.xctest */;
			productType = "com.apple.product-type.bundle.unit-test";
		};
/* End PBXNativeTarget section */

/* Begin PBXProject section */
		2443DC4A18D662CA00C920C1 /* Project object */ = {
			isa = PBXProject;
			attributes = {
				CLASSPREFIX = M2;
				LastUpgradeCheck = 0510;
				ORGANIZATIONNAME = Danqing;
				TargetAttributes = {
					2443DC7918D662CA00C920C1 = {
						TestTargetID = 2443DC5118D662CA00C920C1;
					};
				};
			};
			buildConfigurationList = 2443DC4D18D662CA00C920C1 /* Build configuration list for PBXProject "m2048" */;
			compatibilityVersion = "Xcode 3.2";
			developmentRegion = English;
			hasScannedForEncodings = 0;
			knownRegions = (
				en,
				Base,
			);
			mainGroup = 2443DC4918D662CA00C920C1;
			productRefGroup = 2443DC5318D662CA00C920C1 /* Products */;
			projectDirPath = "";
			projectRoot = "";
			targets = (
				2443DC5118D662CA00C920C1 /* m2048 */,
				2443DC7918D662CA00C920C1 /* m2048Tests */,
			);
		};
/* End PBXProject section */

/* Begin PBXResourcesBuildPhase section */
		2443DC5018D662CA00C920C1 /* Resources */ = {
			isa = PBXResourcesBuildPhase;
			buildActionMask = 2147483647;
			files = (
				948538691953373F00216B93 /* vg_button_mute_plain.png in Resources */,
				2443DC6218D662CA00C920C1 /* InfoPlist.strings in Resources */,
				2443DC7518D662CA00C920C1 /* Images.xcassets in Resources */,
				948538681953373F00216B93 /* vg_button_close.png in Resources */,
				948538631953373F00216B93 /* README.md in Resources */,
				2443DC6B18D662CA00C920C1 /* Main.storyboard in Resources */,
				948538651953373F00216B93 /* README.txt in Resources */,
				9485386A1953373F00216B93 /* vg_button_mute_selected.png in Resources */,
				948538611953373F00216B93 /* CHANGELOG.md in Resources */,
			);
			runOnlyForDeploymentPostprocessing = 0;
		};
		2443DC7818D662CA00C920C1 /* Resources */ = {
			isa = PBXResourcesBuildPhase;
			buildActionMask = 2147483647;
			files = (
				2443DC8618D662CA00C920C1 /* InfoPlist.strings in Resources */,
			);
			runOnlyForDeploymentPostprocessing = 0;
		};
/* End PBXResourcesBuildPhase section */

/* Begin PBXSourcesBuildPhase section */
		2443DC4E18D662CA00C920C1 /* Sources */ = {
			isa = PBXSourcesBuildPhase;
			buildActionMask = 2147483647;
			files = (
				2443DCA618D66CCC00C920C1 /* M2ViewController.m in Sources */,
				2443DC6418D662CA00C920C1 /* main.m in Sources */,
				24C4515B18D6DC4A0001FCFD /* M2Cell.m in Sources */,
				24C4516818DD64A90001FCFD /* M2GridView.m in Sources */,
				2443DC9A18D663FC00C920C1 /* M2Scene.m in Sources */,
				24C4515E18D6DC740001FCFD /* M2Grid.m in Sources */,
				24C4518118E265390001FCFD /* M2Overlay.m in Sources */,
				2443DCAF18D6C18400C920C1 /* M2Tile.m in Sources */,
				2443DCA018D6647000C920C1 /* M2SettingsViewController.m in Sources */,
				24C4517018DFF10B0001FCFD /* M2ScoreView.m in Sources */,
				2443DCA318D6649500C920C1 /* M2Theme.m in Sources */,
				24C4517318E140AE0001FCFD /* M2SettingsDetailViewController.m in Sources */,
				24C4516418DABABE0001FCFD /* M2GlobalState.m in Sources */,
				2443DC6818D662CA00C920C1 /* M2AppDelegate.m in Sources */,
				2443DC9B18D663FC00C920C1 /* M2GameManager.m in Sources */,
			);
			runOnlyForDeploymentPostprocessing = 0;
		};
		2443DC7618D662CA00C920C1 /* Sources */ = {
			isa = PBXSourcesBuildPhase;
			buildActionMask = 2147483647;
			files = (
				2443DC8818D662CA00C920C1 /* m2048Tests.m in Sources */,
			);
			runOnlyForDeploymentPostprocessing = 0;
		};
/* End PBXSourcesBuildPhase section */

/* Begin PBXTargetDependency section */
		2443DC8018D662CA00C920C1 /* PBXTargetDependency */ = {
			isa = PBXTargetDependency;
			target = 2443DC5118D662CA00C920C1 /* m2048 */;
			targetProxy = 2443DC7F18D662CA00C920C1 /* PBXContainerItemProxy */;
		};
/* End PBXTargetDependency section */

/* Begin PBXVariantGroup section */
		2443DC6018D662CA00C920C1 /* InfoPlist.strings */ = {
			isa = PBXVariantGroup;
			children = (
				2443DC6118D662CA00C920C1 /* en */,
			);
			name = InfoPlist.strings;
			sourceTree = "<group>";
		};
		2443DC6918D662CA00C920C1 /* Main.storyboard */ = {
			isa = PBXVariantGroup;
			children = (
				2443DC6A18D662CA00C920C1 /* Base */,
			);
			name = Main.storyboard;
			sourceTree = "<group>";
		};
		2443DC8418D662CA00C920C1 /* InfoPlist.strings */ = {
			isa = PBXVariantGroup;
			children = (
				2443DC8518D662CA00C920C1 /* en */,
			);
			name = InfoPlist.strings;
			sourceTree = "<group>";
		};
/* End PBXVariantGroup section */

/* Begin XCBuildConfiguration section */
		2443DC8918D662CA00C920C1 /* Debug */ = {
			isa = XCBuildConfiguration;
			buildSettings = {
				ALWAYS_SEARCH_USER_PATHS = NO;
				CLANG_CXX_LANGUAGE_STANDARD = "gnu++0x";
				CLANG_CXX_LIBRARY = "libc++";
				CLANG_ENABLE_MODULES = YES;
				CLANG_ENABLE_OBJC_ARC = YES;
				CLANG_WARN_BOOL_CONVERSION = YES;
				CLANG_WARN_CONSTANT_CONVERSION = YES;
				CLANG_WARN_DIRECT_OBJC_ISA_USAGE = YES_ERROR;
				CLANG_WARN_EMPTY_BODY = YES;
				CLANG_WARN_ENUM_CONVERSION = YES;
				CLANG_WARN_INT_CONVERSION = YES;
				CLANG_WARN_OBJC_ROOT_CLASS = YES_ERROR;
				CLANG_WARN__DUPLICATE_METHOD_MATCH = YES;
				"CODE_SIGN_IDENTITY[sdk=iphoneos*]" = "iPhone Developer";
				COPY_PHASE_STRIP = NO;
				GCC_C_LANGUAGE_STANDARD = gnu99;
				GCC_DYNAMIC_NO_PIC = NO;
				GCC_OPTIMIZATION_LEVEL = 0;
				GCC_PREPROCESSOR_DEFINITIONS = (
					"DEBUG=1",
					"$(inherited)",
				);
				GCC_SYMBOLS_PRIVATE_EXTERN = NO;
				GCC_WARN_64_TO_32_BIT_CONVERSION = YES;
				GCC_WARN_ABOUT_RETURN_TYPE = YES_ERROR;
				GCC_WARN_UNDECLARED_SELECTOR = YES;
				GCC_WARN_UNINITIALIZED_AUTOS = YES_AGGRESSIVE;
				GCC_WARN_UNUSED_FUNCTION = YES;
				GCC_WARN_UNUSED_VARIABLE = YES;
				IPHONEOS_DEPLOYMENT_TARGET = 7.1;
				ONLY_ACTIVE_ARCH = YES;
				SDKROOT = iphoneos;
			};
			name = Debug;
		};
		2443DC8A18D662CA00C920C1 /* Release */ = {
			isa = XCBuildConfiguration;
			buildSettings = {
				ALWAYS_SEARCH_USER_PATHS = NO;
				CLANG_CXX_LANGUAGE_STANDARD = "gnu++0x";
				CLANG_CXX_LIBRARY = "libc++";
				CLANG_ENABLE_MODULES = YES;
				CLANG_ENABLE_OBJC_ARC = YES;
				CLANG_WARN_BOOL_CONVERSION = YES;
				CLANG_WARN_CONSTANT_CONVERSION = YES;
				CLANG_WARN_DIRECT_OBJC_ISA_USAGE = YES_ERROR;
				CLANG_WARN_EMPTY_BODY = YES;
				CLANG_WARN_ENUM_CONVERSION = YES;
				CLANG_WARN_INT_CONVERSION = YES;
				CLANG_WARN_OBJC_ROOT_CLASS = YES_ERROR;
				CLANG_WARN__DUPLICATE_METHOD_MATCH = YES;
				"CODE_SIGN_IDENTITY[sdk=iphoneos*]" = "iPhone Developer";
				COPY_PHASE_STRIP = YES;
				ENABLE_NS_ASSERTIONS = NO;
				GCC_C_LANGUAGE_STANDARD = gnu99;
				GCC_WARN_64_TO_32_BIT_CONVERSION = YES;
				GCC_WARN_ABOUT_RETURN_TYPE = YES_ERROR;
				GCC_WARN_UNDECLARED_SELECTOR = YES;
				GCC_WARN_UNINITIALIZED_AUTOS = YES_AGGRESSIVE;
				GCC_WARN_UNUSED_FUNCTION = YES;
				GCC_WARN_UNUSED_VARIABLE = YES;
				IPHONEOS_DEPLOYMENT_TARGET = 7.1;
				SDKROOT = iphoneos;
				VALIDATE_PRODUCT = YES;
			};
			name = Release;
		};
		2443DC8C18D662CA00C920C1 /* Debug */ = {
			isa = XCBuildConfiguration;
			buildSettings = {
				ASSETCATALOG_COMPILER_APPICON_NAME = AppIcon;
				ASSETCATALOG_COMPILER_LAUNCHIMAGE_NAME = LaunchImage;
				CODE_SIGN_IDENTITY = "iPhone Developer";
				"CODE_SIGN_IDENTITY[sdk=iphoneos*]" = "iPhone Developer";
				FRAMEWORK_SEARCH_PATHS = (
					"$(inherited)",
					"/Volumes/Data/projects/adtapsy/ios/builds/AdTapsy-0.2.1/AdNetworks",
					"/Volumes/Data/projects/adtapsy/ios/builds/AdTapsy-0.2.1/AdNetworks/revmob-ios-sdk-7.5.3",
					"/Volumes/Data/projects/adtapsy/ios/builds/AdTapsy-0.2.1/AdNetworks/vungle-2.0.1/vunglepub.embeddedframework",
					/Volumes/Data/projects/adtapsy/ios/AdTapsy/AdTapsy/AdNetworks,
					"/Volumes/Data/projects/adtapsy/ios/AdTapsy/AdTapsy/AdNetworks/revmob-ios-sdk-7.5.3",
					"/Volumes/Data/projects/adtapsy/ios/AdTapsy/AdTapsy/AdNetworks/vungle-2.0.1/vunglepub.embeddedframework",
					/Volumes/Data/projects/adtapsy/ios/builds/AdTapsy/AdNetworks,
					"/Volumes/Data/projects/adtapsy/ios/builds/AdTapsy/AdNetworks/revmob-ios-sdk-7.5.3",
					"/Volumes/Data/projects/adtapsy/ios/builds/AdTapsy/AdNetworks/vungle-2.0.1/vunglepub.embeddedframework",
					"$(PROJECT_DIR)/AdTapsy-0.2.2/AdNetworks",
					"$(PROJECT_DIR)/AdTapsy-0.2.2/AdNetworks/revmob-ios-sdk-7.5.3",
					"$(PROJECT_DIR)/AdTapsy-0.2.2/AdNetworks/vungle-2.0.1/vunglepub.embeddedframework",
				);
				GCC_PRECOMPILE_PREFIX_HEADER = YES;
				GCC_PREFIX_HEADER = "m2048/m2048-Prefix.pch";
				GCC_PREPROCESSOR_DEFINITIONS = (
					"DEBUG=1",
					"$(inherited)",
					"AT_DEBUG=1",
					"ENV_PROD=1",
				);
				INFOPLIST_FILE = "m2048/m2048-Info.plist";
				IPHONEOS_DEPLOYMENT_TARGET = 6.0;
				LIBRARY_SEARCH_PATHS = (
					"$(inherited)",
					"$(PROJECT_DIR)/AdTapsy-0.2.2/AdNetworks/applovin-ios-sdk-2.4.0",
					"$(PROJECT_DIR)/AdTapsy-0.2.2/AdNetworks/Chartboost-4.5",
					"$(PROJECT_DIR)/AdTapsy-0.2.2/AdNetworks/GoogleMobileAdsSdkiOS-6.9.2",
					"$(PROJECT_DIR)/AdTapsy-0.2.2/AdNetworks/inmobi-4.3/Libs",
					"$(PROJECT_DIR)/AdTapsy-0.2.2",
				);
				OTHER_LDFLAGS = "-ObjC";
				PRODUCT_NAME = "$(TARGET_NAME)";
				PROVISIONING_PROFILE = "";
				SPRITEKIT_TEXTURE_ATLAS_OUTPUT = YES;
				WRAPPER_EXTENSION = app;
			};
			name = Debug;
		};
		2443DC8D18D662CA00C920C1 /* Release */ = {
			isa = XCBuildConfiguration;
			buildSettings = {
				ASSETCATALOG_COMPILER_APPICON_NAME = AppIcon;
				ASSETCATALOG_COMPILER_LAUNCHIMAGE_NAME = LaunchImage;
				CODE_SIGN_IDENTITY = "iPhone Developer";
				"CODE_SIGN_IDENTITY[sdk=iphoneos*]" = "iPhone Developer";
				FRAMEWORK_SEARCH_PATHS = (
					"$(inherited)",
					"/Volumes/Data/projects/adtapsy/ios/builds/AdTapsy-0.2.1/AdNetworks",
					"/Volumes/Data/projects/adtapsy/ios/builds/AdTapsy-0.2.1/AdNetworks/revmob-ios-sdk-7.5.3",
					"/Volumes/Data/projects/adtapsy/ios/builds/AdTapsy-0.2.1/AdNetworks/vungle-2.0.1/vunglepub.embeddedframework",
					/Volumes/Data/projects/adtapsy/ios/AdTapsy/AdTapsy/AdNetworks,
					"/Volumes/Data/projects/adtapsy/ios/AdTapsy/AdTapsy/AdNetworks/revmob-ios-sdk-7.5.3",
					"/Volumes/Data/projects/adtapsy/ios/AdTapsy/AdTapsy/AdNetworks/vungle-2.0.1/vunglepub.embeddedframework",
					/Volumes/Data/projects/adtapsy/ios/builds/AdTapsy/AdNetworks,
					"/Volumes/Data/projects/adtapsy/ios/builds/AdTapsy/AdNetworks/revmob-ios-sdk-7.5.3",
					"/Volumes/Data/projects/adtapsy/ios/builds/AdTapsy/AdNetworks/vungle-2.0.1/vunglepub.embeddedframework",
					"$(PROJECT_DIR)/AdTapsy-0.2.2/AdNetworks",
					"$(PROJECT_DIR)/AdTapsy-0.2.2/AdNetworks/revmob-ios-sdk-7.5.3",
					"$(PROJECT_DIR)/AdTapsy-0.2.2/AdNetworks/vungle-2.0.1/vunglepub.embeddedframework",
				);
				GCC_PRECOMPILE_PREFIX_HEADER = YES;
				GCC_PREFIX_HEADER = "m2048/m2048-Prefix.pch";
				INFOPLIST_FILE = "m2048/m2048-Info.plist";
				IPHONEOS_DEPLOYMENT_TARGET = 6.0;
				LIBRARY_SEARCH_PATHS = (
					"$(inherited)",
					"$(PROJECT_DIR)/AdTapsy-0.2.2/AdNetworks/applovin-ios-sdk-2.4.0",
					"$(PROJECT_DIR)/AdTapsy-0.2.2/AdNetworks/Chartboost-4.5",
					"$(PROJECT_DIR)/AdTapsy-0.2.2/AdNetworks/GoogleMobileAdsSdkiOS-6.9.2",
					"$(PROJECT_DIR)/AdTapsy-0.2.2/AdNetworks/inmobi-4.3/Libs",
					"$(PROJECT_DIR)/AdTapsy-0.2.2",
				);
				OTHER_LDFLAGS = "-ObjC";
				PRODUCT_NAME = "$(TARGET_NAME)";
				PROVISIONING_PROFILE = "";
				SPRITEKIT_TEXTURE_ATLAS_OUTPUT = YES;
				WRAPPER_EXTENSION = app;
			};
			name = Release;
		};
		2443DC8F18D662CA00C920C1 /* Debug */ = {
			isa = XCBuildConfiguration;
			buildSettings = {
				BUNDLE_LOADER = "$(BUILT_PRODUCTS_DIR)/m2048.app/m2048";
				FRAMEWORK_SEARCH_PATHS = (
					"$(SDKROOT)/Developer/Library/Frameworks",
					"$(inherited)",
					"$(DEVELOPER_FRAMEWORKS_DIR)",
				);
				GCC_PRECOMPILE_PREFIX_HEADER = YES;
				GCC_PREFIX_HEADER = "m2048/m2048-Prefix.pch";
				GCC_PREPROCESSOR_DEFINITIONS = (
					"DEBUG=1",
					"$(inherited)",
				);
				INFOPLIST_FILE = "m2048Tests/m2048Tests-Info.plist";
				PRODUCT_NAME = "$(TARGET_NAME)";
				TEST_HOST = "$(BUNDLE_LOADER)";
				WRAPPER_EXTENSION = xctest;
			};
			name = Debug;
		};
		2443DC9018D662CA00C920C1 /* Release */ = {
			isa = XCBuildConfiguration;
			buildSettings = {
				BUNDLE_LOADER = "$(BUILT_PRODUCTS_DIR)/m2048.app/m2048";
				FRAMEWORK_SEARCH_PATHS = (
					"$(SDKROOT)/Developer/Library/Frameworks",
					"$(inherited)",
					"$(DEVELOPER_FRAMEWORKS_DIR)",
				);
				GCC_PRECOMPILE_PREFIX_HEADER = YES;
				GCC_PREFIX_HEADER = "m2048/m2048-Prefix.pch";
				INFOPLIST_FILE = "m2048Tests/m2048Tests-Info.plist";
				PRODUCT_NAME = "$(TARGET_NAME)";
				TEST_HOST = "$(BUNDLE_LOADER)";
				WRAPPER_EXTENSION = xctest;
			};
			name = Release;
		};
/* End XCBuildConfiguration section */

/* Begin XCConfigurationList section */
		2443DC4D18D662CA00C920C1 /* Build configuration list for PBXProject "m2048" */ = {
			isa = XCConfigurationList;
			buildConfigurations = (
				2443DC8918D662CA00C920C1 /* Debug */,
				2443DC8A18D662CA00C920C1 /* Release */,
			);
			defaultConfigurationIsVisible = 0;
			defaultConfigurationName = Release;
		};
		2443DC8B18D662CA00C920C1 /* Build configuration list for PBXNativeTarget "m2048" */ = {
			isa = XCConfigurationList;
			buildConfigurations = (
				2443DC8C18D662CA00C920C1 /* Debug */,
				2443DC8D18D662CA00C920C1 /* Release */,
			);
			defaultConfigurationIsVisible = 0;
			defaultConfigurationName = Release;
		};
		2443DC8E18D662CA00C920C1 /* Build configuration list for PBXNativeTarget "m2048Tests" */ = {
			isa = XCConfigurationList;
			buildConfigurations = (
				2443DC8F18D662CA00C920C1 /* Debug */,
				2443DC9018D662CA00C920C1 /* Release */,
			);
			defaultConfigurationIsVisible = 0;
			defaultConfigurationName = Release;
		};
/* End XCConfigurationList section */
	};
	rootObject = 2443DC4A18D662CA00C920C1 /* Project object */;
}
